
Microsoft Visual Studio Solution File, Format Version 12.00
# Visual Studio Version 17
VisualStudioVersion = 17.14.36811.4
MinimumVisualStudioVersion = 10.0.40219.1
Project("{FAE04EC0-301F-11D3-BF4B-00C04F79EFBC}") = "EPUBtoCBZ.Library", "EPUBtoCBZ.Library\EPUBtoCBZ.Library.csproj", "{6E25995D-6443-4CBB-8F65-21203C576BBF}"
EndProject
Project("{FAE04EC0-301F-11D3-BF4B-00C04F79EFBC}") = "EPUBtoCBZ.Application", "EPUBtoCBZ.Application\EPUBtoCBZ.Application.csproj", "{F4AB2333-A9A7-492F-A078-60548290E4B4}"
EndProject
Project("{2150E333-8FDC-42A3-9474-1A3956D46DE8}") = "Workflows", "Workflows", "{02EA681E-C7D8-13C7-8484-4AC65E1B71E8}"
	ProjectSection(SolutionItems) = preProject
		.github\workflows\build.yml = .github\workflows\build.yml
		.github\workflows\publish.yml = .github\workflows\publish.yml
	EndProjectSection
EndProject
Project("{2150E333-8FDC-42A3-9474-1A3956D46DE8}") = "Docs", "Docs", "{40F3D5DA-1FBB-4B41-8F46-5C8AB3381E2C}"
	ProjectSection(SolutionItems) = preProject
		.gitignore = .gitignore
		README.md = README.md
	EndProjectSection
EndProject
Global
	GlobalSection(SolutionConfigurationPlatforms) = preSolution
		Debug|Any CPU = Debug|Any CPU
		Release|Any CPU = Release|Any CPU
	EndGlobalSection
	GlobalSection(ProjectConfigurationPlatforms) = postSolution
		{6E25995D-6443-4CBB-8F65-21203C576BBF}.Debug|Any CPU.ActiveCfg = Debug|Any CPU
		{6E25995D-6443-4CBB-8F65-21203C576BBF}.Debug|Any CPU.Build.0 = Debug|Any CPU
		{6E25995D-6443-4CBB-8F65-21203C576BBF}.Release|Any CPU.ActiveCfg = Release|Any CPU
		{6E25995D-6443-4CBB-8F65-21203C576BBF}.Release|Any CPU.Build.0 = Release|Any CPU
		{F4AB2333-A9A7-492F-A078-60548290E4B4}.Debug|Any CPU.ActiveCfg = Debug|Any CPU
		{F4AB2333-A9A7-492F-A078-60548290E4B4}.Debug|Any CPU.Build.0 = Debug|Any CPU
		{F4AB2333-A9A7-492F-A078-60548290E4B4}.Release|Any CPU.ActiveCfg = Release|Any CPU
		{F4AB2333-A9A7-492F-A078-60548290E4B4}.Release|Any CPU.Build.0 = Release|Any CPU
	EndGlobalSection
	GlobalSection(SolutionProperties) = preSolution
		HideSolutionNode = FALSE
	EndGlobalSection
	GlobalSection(ExtensibilityGlobals) = postSolution
		SolutionGuid = {94EE7A1D-F638-4B18-B114-01BC9C64D159}
	EndGlobalSection
EndGlobal
